{
    "_readme": [
        "This file locks the dependencies of your project to a known state",
        "Read more about it at https://getcomposer.org/doc/01-basic-usage.md#installing-dependencies",
        "This file is @generated automatically"
    ],
    "content-hash": "0e04752a464c46264318a7ae88e8214d",
    "packages": [
        {
            "name": "scurriio/utils",
            "version": "v1.2",
            "source": {
                "type": "git",
                "url": "https://github.com/0xSQrL/scurriio-utils.git",
                "reference": "9794f155801dfb9c67a5a41a240b9d10d1178444"
            },
            "dist": {
                "type": "zip",
                "url": "https://api.github.com/repos/0xSQrL/scurriio-utils/zipball/9794f155801dfb9c67a5a41a240b9d10d1178444",
                "reference": "9794f155801dfb9c67a5a41a240b9d10d1178444",
                "shasum": ""
            },
            "type": "library",
            "autoload": {
                "psr-4": {
                    "Scurriio\\Utils\\": "src/"
                }
            },
            "notification-url": "https://packagist.org/downloads/",
            "license": [
                "MIT"
            ],
            "authors": [
                {
                    "name": "William Silloway",
                    "email": "wsilloway@gmail.com"
                }
            ],
            "description": "Utilities for Scurri PHP packages",
            "support": {
                "issues": "https://github.com/0xSQrL/scurriio-utils/issues",
                "source": "https://github.com/0xSQrL/scurriio-utils/tree/v1.2"
            },
            "time": "2024-06-27T06:26:44+00:00"
        }
    ],
    "packages-dev": [],
    "aliases": [],
    "minimum-stability": "stable",
    "stability-flags": [],
    "prefer-stable": false,
    "prefer-lowest": false,
    "platform": [],
    "platform-dev": [],
    "plugin-api-version": "2.6.0"
}
